
Microsoft Visual Studio Solution File, Format Version 12.00
# Visual Studio Version 17
VisualStudioVersion = 17.14.36623.8
MinimumVisualStudioVersion = 10.0.40219.1
Project("{2150E333-8FDC-42A3-9474-1A3956D46DE8}") = "Task0", "Task0", "{02EA681E-C7D8-13C7-8484-4AC65E1B71E8}"
EndProject
Project("{2150E333-8FDC-42A3-9474-1A3956D46DE8}") = "Task1", "Task1", "{1837C2FD-99B5-417B-8C76-FB5590A76F33}"
EndProject
Project("{2150E333-8FDC-42A3-9474-1A3956D46DE8}") = "Task2", "Task2", "{0EEB5131-0581-4536-8267-2A120275FAE7}"
EndProject
Project("{2150E333-8FDC-42A3-9474-1A3956D46DE8}") = "Task3", "Task3", "{D394BE7F-1D15-4A84-A2CF-FCB51316D39F}"
EndProject
Project("{2150E333-8FDC-42A3-9474-1A3956D46DE8}") = "Task4", "Task4", "{672389D1-578B-49D2-A346-C020FD43B200}"
EndProject
Project("{2150E333-8FDC-42A3-9474-1A3956D46DE8}") = "Task5", "Task5", "{352D535B-CC8A-440E-8B93-AEE53B782B8B}"
EndProject
Project("{2150E333-8FDC-42A3-9474-1A3956D46DE8}") = "Task6", "Task6", "{62DA4BA0-E093-4F6C-B3BC-FB9F57A72243}"
EndProject
Project("{2150E333-8FDC-42A3-9474-1A3956D46DE8}") = "Task7", "Task7", "{FE55F192-F191-4D0F-8D5E-22339FDED1C7}"
EndProject
Project("{FAE04EC0-301F-11D3-BF4B-00C04F79EFBC}") = "Tyuiu.ShevchenokSE.Sprint4.Task0.V4", "Tyuiu.ShevchenokSE.Sprint4.Task0.V4\Tyuiu.ShevchenokSE.Sprint4.Task0.V4.csproj", "{FC575AA6-E8EC-4957-AE08-A112FC3CEAD0}"
EndProject
Project("{FAE04EC0-301F-11D3-BF4B-00C04F79EFBC}") = "Tyuiu.ShevchenokSE.Sprint4.Task0.V4.Lib", "Tyuiu.ShevchenokSE.Sprint4.Task0.V4.Lib\Tyuiu.ShevchenokSE.Sprint4.Task0.V4.Lib.csproj", "{28A3C0AC-BD59-4FD2-B46E-D6634151FFB7}"
EndProject
Project("{FAE04EC0-301F-11D3-BF4B-00C04F79EFBC}") = "Tyuiu.ShevchenokSE.Sprint4.Task0.V4.Test", "Tyuiu.ShevchenokSE.Sprint4.Task0.V4.Test\Tyuiu.ShevchenokSE.Sprint4.Task0.V4.Test.csproj", "{8E9D957E-76B7-4A2E-8514-6D48E26ED22E}"
EndProject
Project("{FAE04EC0-301F-11D3-BF4B-00C04F79EFBC}") = "Tyuiu.ShevchenokSE.Sprint4.Task1.V12", "Tyuiu.ShevchenokSE.Sprint4.Task1.V12\Tyuiu.ShevchenokSE.Sprint4.Task1.V12.csproj", "{A59AF273-ED23-4E3A-B152-1EA230044179}"
EndProject
Project("{FAE04EC0-301F-11D3-BF4B-00C04F79EFBC}") = "Tyuiu.ShevchenokSE.Sprint4.Task1.V12.Lib", "Tyuiu.ShevchenokSE.Sprint4.Task1.V12.Lib\Tyuiu.ShevchenokSE.Sprint4.Task1.V12.Lib.csproj", "{CDFD4BA4-AFD3-4EEC-B125-D53AB39B9487}"
EndProject
Project("{FAE04EC0-301F-11D3-BF4B-00C04F79EFBC}") = "Tyuiu.ShevchenokSE.Sprint4.Task1.V12.Test", "Tyuiu.ShevchenokSE.Sprint4.Task1.V12.Test\Tyuiu.ShevchenokSE.Sprint4.Task1.V12.Test.csproj", "{C10AEB1B-63C4-4368-90F7-0643CAB46BE7}"
EndProject
Project("{FAE04EC0-301F-11D3-BF4B-00C04F79EFBC}") = "Tyuiu.ShevchenokSE.Sprint4.Task2.V28", "Tyuiu.ShevchenokSE.Sprint4.Task2.V28\Tyuiu.ShevchenokSE.Sprint4.Task2.V28.csproj", "{1E586400-54FF-46A3-960D-B34BB04224A5}"
EndProject
Project("{FAE04EC0-301F-11D3-BF4B-00C04F79EFBC}") = "Tyuiu.ShevchenokSE.Sprint4.Task2.V28.Lib", "Tyuiu.ShevchenokSE.Sprint4.Task2.V28.Lib\Tyuiu.ShevchenokSE.Sprint4.Task2.V28.Lib.csproj", "{277BE80B-F031-4B7F-A7B2-94C782DA0FDB}"
EndProject
Project("{FAE04EC0-301F-11D3-BF4B-00C04F79EFBC}") = "Tyuiu.ShevchenokSE.Sprint4.Task2.V28.Test", "Tyuiu.ShevchenokSE.Sprint4.Task2.V28.Test\Tyuiu.ShevchenokSE.Sprint4.Task2.V28.Test.csproj", "{7C4E91F8-3C29-417F-B711-253A169DCF5E}"
EndProject
Project("{FAE04EC0-301F-11D3-BF4B-00C04F79EFBC}") = "Tyuiu.ShevchenokSE.Sprint4.Task3.V22", "Tyuiu.ShevchenokSE.Sprint4.Task3.V22\Tyuiu.ShevchenokSE.Sprint4.Task3.V22.csproj", "{ABB58926-991A-4E7F-AE07-4D63BF4BC5C1}"
EndProject
Project("{FAE04EC0-301F-11D3-BF4B-00C04F79EFBC}") = "Tyuiu.ShevchenokSE.Sprint4.Task3.V22.Lib", "Tyuiu.ShevchenokSE.Sprint4.Task3.V22.Lib\Tyuiu.ShevchenokSE.Sprint4.Task3.V22.Lib.csproj", "{9C8E8C3E-A661-4C9D-8C59-BC63FD9B639D}"
EndProject
Project("{FAE04EC0-301F-11D3-BF4B-00C04F79EFBC}") = "Tyuiu.ShevchenokSE.Sprint4.Task3.V22.Test", "Tyuiu.ShevchenokSE.Sprint4.Task3.V22.Test\Tyuiu.ShevchenokSE.Sprint4.Task3.V22.Test.csproj", "{8883810E-B978-4758-A259-F77A47AF5814}"
EndProject
Project("{FAE04EC0-301F-11D3-BF4B-00C04F79EFBC}") = "Tyuiu.ShevchenokSE.Sprint4.Task4.V13", "Tyuiu.ShevchenokSE.Sprint4.Task4.V13\Tyuiu.ShevchenokSE.Sprint4.Task4.V13.csproj", "{6FB77BDC-C8C1-4E12-AF36-A78178853E94}"
EndProject
Project("{FAE04EC0-301F-11D3-BF4B-00C04F79EFBC}") = "Tyuiu.ShevchenokSE.Sprint4.Task4.V13.Lib", "Tyuiu.ShevchenokSE.Sprint4.Task4.V13.Lib\Tyuiu.ShevchenokSE.Sprint4.Task4.V13.Lib.csproj", "{6F7775DB-9A65-43A1-B665-9B08DF739616}"
EndProject
Project("{FAE04EC0-301F-11D3-BF4B-00C04F79EFBC}") = "Tyuiu.ShevchenokSE.Sprint4.Task4.V13.Test", "Tyuiu.ShevchenokSE.Sprint4.Task4.V13.Test\Tyuiu.ShevchenokSE.Sprint4.Task4.V13.Test.csproj", "{7F7DB712-8D02-4CF2-BB88-24D0BB83268E}"
EndProject
Project("{FAE04EC0-301F-11D3-BF4B-00C04F79EFBC}") = "Tyuiu.ShevchenokSE.Sprint4.Task5.V20", "Tyuiu.ShevchenokSE.Sprint4.Task5.V20\Tyuiu.ShevchenokSE.Sprint4.Task5.V20.csproj", "{72C86934-CDF1-4892-BFE9-DB2C5597906C}"
EndProject
Project("{FAE04EC0-301F-11D3-BF4B-00C04F79EFBC}") = "Tyuiu.ShevchenokSE.Sprint4.Task5.V20.Lib", "Tyuiu.ShevchenokSE.Sprint4.Task5.V20.Lib\Tyuiu.ShevchenokSE.Sprint4.Task5.V20.Lib.csproj", "{5D0A9FAE-8E4B-46A4-BAC6-463EA548236A}"
EndProject
Project("{FAE04EC0-301F-11D3-BF4B-00C04F79EFBC}") = "Tyuiu.ShevchenokSE.Sprint4.Task5.V20.Test", "Tyuiu.ShevchenokSE.Sprint4.Task5.V20.Test\Tyuiu.ShevchenokSE.Sprint4.Task5.V20.Test.csproj", "{08083B52-4FEA-4FF4-AF20-2A319F429E42}"
EndProject
Project("{FAE04EC0-301F-11D3-BF4B-00C04F79EFBC}") = "Tyuiu.ShevchenokSE.Sprint4.Task6.V29", "Tyuiu.ShevchenokSE.Sprint4.Task6.V29\Tyuiu.ShevchenokSE.Sprint4.Task6.V29.csproj", "{DA87F81A-BF54-409F-BC6F-D28829BC06E7}"
EndProject
Project("{FAE04EC0-301F-11D3-BF4B-00C04F79EFBC}") = "Tyuiu.ShevchenokSE.Sprint4.Task6.V29.Lib", "Tyuiu.ShevchenokSE.Sprint4.Task6.V29.Lib\Tyuiu.ShevchenokSE.Sprint4.Task6.V29.Lib.csproj", "{02A4AA7D-B647-4F88-B9B3-84D2270B13C8}"
EndProject
Project("{FAE04EC0-301F-11D3-BF4B-00C04F79EFBC}") = "Tyuiu.ShevchenokSE.Sprint4.Task6.V29.Test", "Tyuiu.ShevchenokSE.Sprint4.Task6.V29.Test\Tyuiu.ShevchenokSE.Sprint4.Task6.V29.Test.csproj", "{914C3160-03C0-4353-A7E9-7EB5F9EDED1F}"
EndProject
Global
	GlobalSection(SolutionConfigurationPlatforms) = preSolution
		Debug|Any CPU = Debug|Any CPU
		Release|Any CPU = Release|Any CPU
	EndGlobalSection
	GlobalSection(ProjectConfigurationPlatforms) = postSolution
		{FC575AA6-E8EC-4957-AE08-A112FC3CEAD0}.Debug|Any CPU.ActiveCfg = Debug|Any CPU
		{FC575AA6-E8EC-4957-AE08-A112FC3CEAD0}.Debug|Any CPU.Build.0 = Debug|Any CPU
		{FC575AA6-E8EC-4957-AE08-A112FC3CEAD0}.Release|Any CPU.ActiveCfg = Release|Any CPU
		{FC575AA6-E8EC-4957-AE08-A112FC3CEAD0}.Release|Any CPU.Build.0 = Release|Any CPU
		{28A3C0AC-BD59-4FD2-B46E-D6634151FFB7}.Debug|Any CPU.ActiveCfg = Debug|Any CPU
		{28A3C0AC-BD59-4FD2-B46E-D6634151FFB7}.Debug|Any CPU.Build.0 = Debug|Any CPU
		{28A3C0AC-BD59-4FD2-B46E-D6634151FFB7}.Release|Any CPU.ActiveCfg = Release|Any CPU
		{28A3C0AC-BD59-4FD2-B46E-D6634151FFB7}.Release|Any CPU.Build.0 = Release|Any CPU
		{8E9D957E-76B7-4A2E-8514-6D48E26ED22E}.Debug|Any CPU.ActiveCfg = Debug|Any CPU
		{8E9D957E-76B7-4A2E-8514-6D48E26ED22E}.Debug|Any CPU.Build.0 = Debug|Any CPU
		{8E9D957E-76B7-4A2E-8514-6D48E26ED22E}.Release|Any CPU.ActiveCfg = Release|Any CPU
		{8E9D957E-76B7-4A2E-8514-6D48E26ED22E}.Release|Any CPU.Build.0 = Release|Any CPU
		{A59AF273-ED23-4E3A-B152-1EA230044179}.Debug|Any CPU.ActiveCfg = Debug|Any CPU
		{A59AF273-ED23-4E3A-B152-1EA230044179}.Debug|Any CPU.Build.0 = Debug|Any CPU
		{A59AF273-ED23-4E3A-B152-1EA230044179}.Release|Any CPU.ActiveCfg = Release|Any CPU
		{A59AF273-ED23-4E3A-B152-1EA230044179}.Release|Any CPU.Build.0 = Release|Any CPU
		{CDFD4BA4-AFD3-4EEC-B125-D53AB39B9487}.Debug|Any CPU.ActiveCfg = Debug|Any CPU
		{CDFD4BA4-AFD3-4EEC-B125-D53AB39B9487}.Debug|Any CPU.Build.0 = Debug|Any CPU
		{CDFD4BA4-AFD3-4EEC-B125-D53AB39B9487}.Release|Any CPU.ActiveCfg = Release|Any CPU
		{CDFD4BA4-AFD3-4EEC-B125-D53AB39B9487}.Release|Any CPU.Build.0 = Release|Any CPU
		{C10AEB1B-63C4-4368-90F7-0643CAB46BE7}.Debug|Any CPU.ActiveCfg = Debug|Any CPU
		{C10AEB1B-63C4-4368-90F7-0643CAB46BE7}.Debug|Any CPU.Build.0 = Debug|Any CPU
		{C10AEB1B-63C4-4368-90F7-0643CAB46BE7}.Release|Any CPU.ActiveCfg = Release|Any CPU
		{C10AEB1B-63C4-4368-90F7-0643CAB46BE7}.Release|Any CPU.Build.0 = Release|Any CPU
		{1E586400-54FF-46A3-960D-B34BB04224A5}.Debug|Any CPU.ActiveCfg = Debug|Any CPU
		{1E586400-54FF-46A3-960D-B34BB04224A5}.Debug|Any CPU.Build.0 = Debug|Any CPU
		{1E586400-54FF-46A3-960D-B34BB04224A5}.Release|Any CPU.ActiveCfg = Release|Any CPU
		{1E586400-54FF-46A3-960D-B34BB04224A5}.Release|Any CPU.Build.0 = Release|Any CPU
		{277BE80B-F031-4B7F-A7B2-94C782DA0FDB}.Debug|Any CPU.ActiveCfg = Debug|Any CPU
		{277BE80B-F031-4B7F-A7B2-94C782DA0FDB}.Debug|Any CPU.Build.0 = Debug|Any CPU
		{277BE80B-F031-4B7F-A7B2-94C782DA0FDB}.Release|Any CPU.ActiveCfg = Release|Any CPU
		{277BE80B-F031-4B7F-A7B2-94C782DA0FDB}.Release|Any CPU.Build.0 = Release|Any CPU
		{7C4E91F8-3C29-417F-B711-253A169DCF5E}.Debug|Any CPU.ActiveCfg = Debug|Any CPU
		{7C4E91F8-3C29-417F-B711-253A169DCF5E}.Debug|Any CPU.Build.0 = Debug|Any CPU
		{7C4E91F8-3C29-417F-B711-253A169DCF5E}.Release|Any CPU.ActiveCfg = Release|Any CPU
		{7C4E91F8-3C29-417F-B711-253A169DCF5E}.Release|Any CPU.Build.0 = Release|Any CPU
		{ABB58926-991A-4E7F-AE07-4D63BF4BC5C1}.Debug|Any CPU.ActiveCfg = Debug|Any CPU
		{ABB58926-991A-4E7F-AE07-4D63BF4BC5C1}.Debug|Any CPU.Build.0 = Debug|Any CPU
		{ABB58926-991A-4E7F-AE07-4D63BF4BC5C1}.Release|Any CPU.ActiveCfg = Release|Any CPU
		{ABB58926-991A-4E7F-AE07-4D63BF4BC5C1}.Release|Any CPU.Build.0 = Release|Any CPU
		{9C8E8C3E-A661-4C9D-8C59-BC63FD9B639D}.Debug|Any CPU.ActiveCfg = Debug|Any CPU
		{9C8E8C3E-A661-4C9D-8C59-BC63FD9B639D}.Debug|Any CPU.Build.0 = Debug|Any CPU
		{9C8E8C3E-A661-4C9D-8C59-BC63FD9B639D}.Release|Any CPU.ActiveCfg = Release|Any CPU
		{9C8E8C3E-A661-4C9D-8C59-BC63FD9B639D}.Release|Any CPU.Build.0 = Release|Any CPU
		{8883810E-B978-4758-A259-F77A47AF5814}.Debug|Any CPU.ActiveCfg = Debug|Any CPU
		{8883810E-B978-4758-A259-F77A47AF5814}.Debug|Any CPU.Build.0 = Debug|Any CPU
		{8883810E-B978-4758-A259-F77A47AF5814}.Release|Any CPU.ActiveCfg = Release|Any CPU
		{8883810E-B978-4758-A259-F77A47AF5814}.Release|Any CPU.Build.0 = Release|Any CPU
		{6FB77BDC-C8C1-4E12-AF36-A78178853E94}.Debug|Any CPU.ActiveCfg = Debug|Any CPU
		{6FB77BDC-C8C1-4E12-AF36-A78178853E94}.Debug|Any CPU.Build.0 = Debug|Any CPU
		{6FB77BDC-C8C1-4E12-AF36-A78178853E94}.Release|Any CPU.ActiveCfg = Release|Any CPU
		{6FB77BDC-C8C1-4E12-AF36-A78178853E94}.Release|Any CPU.Build.0 = Release|Any CPU
		{6F7775DB-9A65-43A1-B665-9B08DF739616}.Debug|Any CPU.ActiveCfg = Debug|Any CPU
		{6F7775DB-9A65-43A1-B665-9B08DF739616}.Debug|Any CPU.Build.0 = Debug|Any CPU
		{6F7775DB-9A65-43A1-B665-9B08DF739616}.Release|Any CPU.ActiveCfg = Release|Any CPU
		{6F7775DB-9A65-43A1-B665-9B08DF739616}.Release|Any CPU.Build.0 = Release|Any CPU
		{7F7DB712-8D02-4CF2-BB88-24D0BB83268E}.Debug|Any CPU.ActiveCfg = Debug|Any CPU
		{7F7DB712-8D02-4CF2-BB88-24D0BB83268E}.Debug|Any CPU.Build.0 = Debug|Any CPU
		{7F7DB712-8D02-4CF2-BB88-24D0BB83268E}.Release|Any CPU.ActiveCfg = Release|Any CPU
		{7F7DB712-8D02-4CF2-BB88-24D0BB83268E}.Release|Any CPU.Build.0 = Release|Any CPU
		{72C86934-CDF1-4892-BFE9-DB2C5597906C}.Debug|Any CPU.ActiveCfg = Debug|Any CPU
		{72C86934-CDF1-4892-BFE9-DB2C5597906C}.Debug|Any CPU.Build.0 = Debug|Any CPU
		{72C86934-CDF1-4892-BFE9-DB2C5597906C}.Release|Any CPU.ActiveCfg = Release|Any CPU
		{72C86934-CDF1-4892-BFE9-DB2C5597906C}.Release|Any CPU.Build.0 = Release|Any CPU
		{5D0A9FAE-8E4B-46A4-BAC6-463EA548236A}.Debug|Any CPU.ActiveCfg = Debug|Any CPU
		{5D0A9FAE-8E4B-46A4-BAC6-463EA548236A}.Debug|Any CPU.Build.0 = Debug|Any CPU
		{5D0A9FAE-8E4B-46A4-BAC6-463EA548236A}.Release|Any CPU.ActiveCfg = Release|Any CPU
		{5D0A9FAE-8E4B-46A4-BAC6-463EA548236A}.Release|Any CPU.Build.0 = Release|Any CPU
		{08083B52-4FEA-4FF4-AF20-2A319F429E42}.Debug|Any CPU.ActiveCfg = Debug|Any CPU
		{08083B52-4FEA-4FF4-AF20-2A319F429E42}.Debug|Any CPU.Build.0 = Debug|Any CPU
		{08083B52-4FEA-4FF4-AF20-2A319F429E42}.Release|Any CPU.ActiveCfg = Release|Any CPU
		{08083B52-4FEA-4FF4-AF20-2A319F429E42}.Release|Any CPU.Build.0 = Release|Any CPU
		{DA87F81A-BF54-409F-BC6F-D28829BC06E7}.Debug|Any CPU.ActiveCfg = Debug|Any CPU
		{DA87F81A-BF54-409F-BC6F-D28829BC06E7}.Debug|Any CPU.Build.0 = Debug|Any CPU
		{DA87F81A-BF54-409F-BC6F-D28829BC06E7}.Release|Any CPU.ActiveCfg = Release|Any CPU
		{DA87F81A-BF54-409F-BC6F-D28829BC06E7}.Release|Any CPU.Build.0 = Release|Any CPU
		{02A4AA7D-B647-4F88-B9B3-84D2270B13C8}.Debug|Any CPU.ActiveCfg = Debug|Any CPU
		{02A4AA7D-B647-4F88-B9B3-84D2270B13C8}.Debug|Any CPU.Build.0 = Debug|Any CPU
		{02A4AA7D-B647-4F88-B9B3-84D2270B13C8}.Release|Any CPU.ActiveCfg = Release|Any CPU
		{02A4AA7D-B647-4F88-B9B3-84D2270B13C8}.Release|Any CPU.Build.0 = Release|Any CPU
		{914C3160-03C0-4353-A7E9-7EB5F9EDED1F}.Debug|Any CPU.ActiveCfg = Debug|Any CPU
		{914C3160-03C0-4353-A7E9-7EB5F9EDED1F}.Debug|Any CPU.Build.0 = Debug|Any CPU
		{914C3160-03C0-4353-A7E9-7EB5F9EDED1F}.Release|Any CPU.ActiveCfg = Release|Any CPU
		{914C3160-03C0-4353-A7E9-7EB5F9EDED1F}.Release|Any CPU.Build.0 = Release|Any CPU
	EndGlobalSection
	GlobalSection(SolutionProperties) = preSolution
		HideSolutionNode = FALSE
	EndGlobalSection
	GlobalSection(NestedProjects) = preSolution
		{FC575AA6-E8EC-4957-AE08-A112FC3CEAD0} = {02EA681E-C7D8-13C7-8484-4AC65E1B71E8}
		{28A3C0AC-BD59-4FD2-B46E-D6634151FFB7} = {02EA681E-C7D8-13C7-8484-4AC65E1B71E8}
		{8E9D957E-76B7-4A2E-8514-6D48E26ED22E} = {02EA681E-C7D8-13C7-8484-4AC65E1B71E8}
		{A59AF273-ED23-4E3A-B152-1EA230044179} = {1837C2FD-99B5-417B-8C76-FB5590A76F33}
		{CDFD4BA4-AFD3-4EEC-B125-D53AB39B9487} = {1837C2FD-99B5-417B-8C76-FB5590A76F33}
		{C10AEB1B-63C4-4368-90F7-0643CAB46BE7} = {1837C2FD-99B5-417B-8C76-FB5590A76F33}
		{1E586400-54FF-46A3-960D-B34BB04224A5} = {0EEB5131-0581-4536-8267-2A120275FAE7}
		{277BE80B-F031-4B7F-A7B2-94C782DA0FDB} = {0EEB5131-0581-4536-8267-2A120275FAE7}
		{7C4E91F8-3C29-417F-B711-253A169DCF5E} = {0EEB5131-0581-4536-8267-2A120275FAE7}
		{ABB58926-991A-4E7F-AE07-4D63BF4BC5C1} = {D394BE7F-1D15-4A84-A2CF-FCB51316D39F}
		{9C8E8C3E-A661-4C9D-8C59-BC63FD9B639D} = {D394BE7F-1D15-4A84-A2CF-FCB51316D39F}
		{8883810E-B978-4758-A259-F77A47AF5814} = {D394BE7F-1D15-4A84-A2CF-FCB51316D39F}
		{6FB77BDC-C8C1-4E12-AF36-A78178853E94} = {672389D1-578B-49D2-A346-C020FD43B200}
		{6F7775DB-9A65-43A1-B665-9B08DF739616} = {672389D1-578B-49D2-A346-C020FD43B200}
		{7F7DB712-8D02-4CF2-BB88-24D0BB83268E} = {672389D1-578B-49D2-A346-C020FD43B200}
		{72C86934-CDF1-4892-BFE9-DB2C5597906C} = {352D535B-CC8A-440E-8B93-AEE53B782B8B}
		{5D0A9FAE-8E4B-46A4-BAC6-463EA548236A} = {352D535B-CC8A-440E-8B93-AEE53B782B8B}
		{08083B52-4FEA-4FF4-AF20-2A319F429E42} = {352D535B-CC8A-440E-8B93-AEE53B782B8B}
		{DA87F81A-BF54-409F-BC6F-D28829BC06E7} = {62DA4BA0-E093-4F6C-B3BC-FB9F57A72243}
		{02A4AA7D-B647-4F88-B9B3-84D2270B13C8} = {62DA4BA0-E093-4F6C-B3BC-FB9F57A72243}
		{914C3160-03C0-4353-A7E9-7EB5F9EDED1F} = {62DA4BA0-E093-4F6C-B3BC-FB9F57A72243}
	EndGlobalSection
	GlobalSection(ExtensibilityGlobals) = postSolution
		SolutionGuid = {48B019EE-725D-4035-AD30-ECBBB177398F}
	EndGlobalSection
EndGlobal
